<?xml version="1.0" encoding="utf-8"?>
<Project ToolsVersion="4.0" xmlns="http://schemas.microsoft.com/developer/msbuild/2003">
  <ItemGroup>
    <Filter Include="Source Files">
      <UniqueIdentifier>{4FC737F1-C7A5-4376-A066-2A32D752A2FF}</UniqueIdentifier>
      <Extensions>cpp;c;cc;cxx;def;odl;idl;hpj;bat;asm;asmx</Extensions>
    </Filter>
    <Filter Include="Header Files">
      <UniqueIdentifier>{93995380-89BD-4b04-88EB-625FBE52EBFB}</UniqueIdentifier>
      <Extensions>h;hh;hpp;hxx;hm;inl;inc;ipp;xsd</Extensions>
    </Filter>
    <Filter Include="Resource Files">
      <UniqueIdentifier>{67DA6AB6-F800-4c08-8B7A-83BB121AAD01}</UniqueIdentifier>
      <Extensions>rc;ico;cur;bmp;dlg;rc2;rct;bin;rgs;gif;jpg;jpeg;jpe;resx;tiff;tif;png;wav;mfcribbon-ms</Extensions>
    </Filter>
  </ItemGroup>
  <ItemGroup>
    <ClCompile Include="src\Application.cpp">
      <Filter>Source Files</Filter>
    </ClCompile>
    <ClCompile Include="..\Dependencies\GLAD\src\glad.c">
      <Filter>Source Files</Filter>
    </ClCompile>
  </ItemGroup>
  <ItemGroup>
    <None Include="res\shaders\Shader_basic.shader" />
    <None Include="res\shaders\celling_shader.fs" />
    <None Include="res\shaders\celling_shader.vs" />
    <None Include="res\shaders\floor_shader.fs" />
    <None Include="res\shaders\floor_shader.vs" />
    <None Include="res\shaders\lamp.fs" />
    <None Include="res\shaders\lamp.vs" />
    <None Include="res\shaders\wall_shader.fs" />
    <None Include="res\shaders\wall_shader.vs" />
    <None Include="res\shaders\exhibit_5_texture.fs" />
    <None Include="res\shaders\exhibit_5_texture.vs" />
    <None Include="res\shaders\exhibit_7_light_colour.fs" />
    <None Include="res\shaders\exhibit_7_light_colour.vs" />
    <None Include="res\shaders\square.fs" />
    <None Include="res\shaders\square.vs" />
    <None Include="res\shaders\triangle.fs" />
    <None Include="res\shaders\triangle.vs" />
  </ItemGroup>
  <ItemGroup>
    <Image Include="res\celling.jpg">
      <Filter>Resource Files</Filter>
    </Image>
    <Image Include="res\celling2.jpg">
      <Filter>Resource Files</Filter>
    </Image>
    <Image Include="res\celling2_defuse.jpg">
      <Filter>Resource Files</Filter>
    </Image>
    <Image Include="res\concrete.jpg">
      <Filter>Resource Files</Filter>
    </Image>
    <Image Include="res\gray.jpg">
      <Filter>Resource Files</Filter>
    </Image>
    <Image Include="res\Wooden_Wall.jpg">
      <Filter>Resource Files</Filter>
    </Image>
    <Image Include="res\awesomeface.jpg">
      <Filter>Resource Files</Filter>
    </Image>
    <Image Include="res\container2.png">
      <Filter>Resource Files</Filter>
    </Image>
    <Image Include="res\exhibit_explenation_1.jpg">
      <Filter>Resource Files</Filter>
    </Image>
    <Image Include="res\exhibit_explenation_1_blue.jpg">
      <Filter>Resource Files</Filter>
    </Image>
    <Image Include="res\exhibit_explenation_1_green.jpg">
      <Filter>Resource Files</Filter>
    </Image>
    <Image Include="res\exhibit_explenation_1_red.jpg">
      <Filter>Resource Files</Filter>
    </Image>
    <Image Include="res\exhibit_explenation_2_blue.jpg">
      <Filter>Resource Files</Filter>
    </Image>
    <Image Include="res\exhibit_explenation_2_green.jpg">
      <Filter>Resource Files</Filter>
    </Image>
    <Image Include="res\exhibit_explenation_2_red.jpg">
      <Filter>Resource Files</Filter>
    </Image>
    <Image Include="res\exhibit_explenation_3.jpg">
      <Filter>Resource Files</Filter>
    </Image>
    <Image Include="res\exhibit_explenation_4.jpg">
      <Filter>Resource Files</Filter>
    </Image>
    <Image Include="res\exhibit_explenation_5.jpg">
      <Filter>Resource Files</Filter>
    </Image>
    <Image Include="res\exhibit_explenation_5_swap.jpg">
      <Filter>Resource Files</Filter>
    </Image>
    <Image Include="res\exhibit_explenation_6.jpg">
      <Filter>Resource Files</Filter>
    </Image>
    <Image Include="res\exhibit_explenation_6_swap.jpg">
      <Filter>Resource Files</Filter>
    </Image>
    <Image Include="res\exhibit_explenation_7.jpg">
      <Filter>Resource Files</Filter>
    </Image>
    <Image Include="res\exhibit_explenation_8.jpg">
      <Filter>Resource Files</Filter>
    </Image>
    <Image Include="res\exhibit_explenation_8_case1.jpg">
      <Filter>Resource Files</Filter>
    </Image>
    <Image Include="res\exhibit_explenation_8_case2.jpg">
      <Filter>Resource Files</Filter>
    </Image>
    <Image Include="res\opengl.png">
      <Filter>Resource Files</Filter>
    </Image>
  </ItemGroup>
</Project>